<Solution>
  <Project Path="CapadeDatos/CapadeDatos.csproj" Id="93d14488-63c7-4fd3-8305-11e4deda5346" />
  <Project Path="CapaEntidades/CapaEntidades.csproj" Id="44ed0b90-2c0a-408e-bfc0-30c61caba66d" />
  <Project Path="CapaLogica/CapaLogica.csproj" Id="6f35de80-5ac7-4957-a2e0-7fe0f81ca2cc" />
  <Project Path="Hotel APM Grand/Presentacion.csproj" />
</Solution>
